
Microsoft Visual Studio Solution File, Format Version 12.00
# Visual Studio Version 17
VisualStudioVersion = 17.6.33815.320
MinimumVisualStudioVersion = 10.0.40219.1
Project("{FAE04EC0-301F-11D3-BF4B-00C04F79EFBC}") = "goltseditor", "goltseditor\goltseditor.csproj", "{39E37A72-67CC-4962-B330-76D66E57B06D}"
EndProject
Global
	GlobalSection(SolutionConfigurationPlatforms) = preSolution
		Debug|Any CPU = Debug|Any CPU
		Release|Any CPU = Release|Any CPU
	EndGlobalSection
	GlobalSection(ProjectConfigurationPlatforms) = postSolution
		{39E37A72-67CC-4962-B330-76D66E57B06D}.Debug|Any CPU.ActiveCfg = Debug|Any CPU
		{39E37A72-67CC-4962-B330-76D66E57B06D}.Debug|Any CPU.Build.0 = Debug|Any CPU
		{39E37A72-67CC-4962-B330-76D66E57B06D}.Release|Any CPU.ActiveCfg = Release|Any CPU
		{39E37A72-67CC-4962-B330-76D66E57B06D}.Release|Any CPU.Build.0 = Release|Any CPU
	EndGlobalSection
	GlobalSection(SolutionProperties) = preSolution
		HideSolutionNode = FALSE
	EndGlobalSection
	GlobalSection(ExtensibilityGlobals) = postSolution
		SolutionGuid = {7A9BBC4B-ABA7-4689-BE2B-C3CF053DB363}
	EndGlobalSection
EndGlobal
